
Microsoft Visual Studio Solution File, Format Version 12.00
# Visual Studio Version 16
VisualStudioVersion = 16.0.29509.3
MinimumVisualStudioVersion = 10.0.40219.1
Project("{9A19103F-16F7-4668-BE54-9A1E7A4F7556}") = "PassMan.Utils", "src\PassMan.Utils\PassMan.Utils.csproj", "{889AD7F0-10C9-4782-9F2E-893C536CE480}"
EndProject
Project("{FAE04EC0-301F-11D3-BF4B-00C04F79EFBC}") = "PassMan.Desktop", "src\PassMan.Desktop\PassMan.Desktop.csproj", "{6775EA3A-CC8D-4E40-8D1B-31F33FFB37DC}"
EndProject
Global
	GlobalSection(SolutionConfigurationPlatforms) = preSolution
		Debug|Any CPU = Debug|Any CPU
		Release|Any CPU = Release|Any CPU
	EndGlobalSection
	GlobalSection(ProjectConfigurationPlatforms) = postSolution
		{889AD7F0-10C9-4782-9F2E-893C536CE480}.Debug|Any CPU.ActiveCfg = Debug|Any CPU
		{889AD7F0-10C9-4782-9F2E-893C536CE480}.Debug|Any CPU.Build.0 = Debug|Any CPU
		{889AD7F0-10C9-4782-9F2E-893C536CE480}.Release|Any CPU.ActiveCfg = Release|Any CPU
		{889AD7F0-10C9-4782-9F2E-893C536CE480}.Release|Any CPU.Build.0 = Release|Any CPU
		{6775EA3A-CC8D-4E40-8D1B-31F33FFB37DC}.Debug|Any CPU.ActiveCfg = Debug|Any CPU
		{6775EA3A-CC8D-4E40-8D1B-31F33FFB37DC}.Debug|Any CPU.Build.0 = Debug|Any CPU
		{6775EA3A-CC8D-4E40-8D1B-31F33FFB37DC}.Release|Any CPU.ActiveCfg = Release|Any CPU
		{6775EA3A-CC8D-4E40-8D1B-31F33FFB37DC}.Release|Any CPU.Build.0 = Release|Any CPU
	EndGlobalSection
	GlobalSection(SolutionProperties) = preSolution
		HideSolutionNode = FALSE
	EndGlobalSection
	GlobalSection(ExtensibilityGlobals) = postSolution
		SolutionGuid = {3B87E677-E9A4-4BDF-9632-563A6898F34E}
	EndGlobalSection
EndGlobal
